
Microsoft Visual Studio Solution File, Format Version 12.00
# Visual Studio Version 16
VisualStudioVersion = 16.0.29326.143
MinimumVisualStudioVersion = 10.0.40219.1
Project("{2150E333-8FDC-42A3-9474-1A3956D46DE8}") = "src", "src", "{D32B1CBD-BDF8-408E-8F1D-E17F521A4CCB}"
EndProject
Project("{2150E333-8FDC-42A3-9474-1A3956D46DE8}") = "Domain", "Domain", "{0A6F3E30-B95A-4420-B797-D7B47EBE22F7}"
EndProject
Project("{2150E333-8FDC-42A3-9474-1A3956D46DE8}") = "Infra.Data", "Infra.Data", "{F9A2AE84-A548-4089-8097-59D4FA4562A3}"
EndProject
Project("{2150E333-8FDC-42A3-9474-1A3956D46DE8}") = "Application", "Application", "{32880EEF-D185-47B8-BAA7-1E332E5379B2}"
EndProject
Project("{2150E333-8FDC-42A3-9474-1A3956D46DE8}") = "Presentation", "Presentation", "{E80A2F27-C327-4E2D-A7B0-DBB028A1B9D8}"
EndProject
Project("{2150E333-8FDC-42A3-9474-1A3956D46DE8}") = "Infra.IoC", "Infra.IoC", "{65BBB8C4-7DDB-4840-9872-FF1C0C935787}"
EndProject
Global
	GlobalSection(SolutionProperties) = preSolution
		HideSolutionNode = FALSE
	EndGlobalSection
	GlobalSection(NestedProjects) = preSolution
		{0A6F3E30-B95A-4420-B797-D7B47EBE22F7} = {D32B1CBD-BDF8-408E-8F1D-E17F521A4CCB}
		{F9A2AE84-A548-4089-8097-59D4FA4562A3} = {D32B1CBD-BDF8-408E-8F1D-E17F521A4CCB}
		{32880EEF-D185-47B8-BAA7-1E332E5379B2} = {D32B1CBD-BDF8-408E-8F1D-E17F521A4CCB}
		{E80A2F27-C327-4E2D-A7B0-DBB028A1B9D8} = {D32B1CBD-BDF8-408E-8F1D-E17F521A4CCB}
		{65BBB8C4-7DDB-4840-9872-FF1C0C935787} = {D32B1CBD-BDF8-408E-8F1D-E17F521A4CCB}
	EndGlobalSection
	GlobalSection(ExtensibilityGlobals) = postSolution
		SolutionGuid = {7B0D525D-905D-4C9D-90BF-0D20D8793CAD}
	EndGlobalSection
EndGlobal
